
Microsoft Visual Studio Solution File, Format Version 12.00
# Visual Studio Version 17
VisualStudioVersion = 17.8.34408.163
MinimumVisualStudioVersion = 10.0.40219.1
Project("{FAE04EC0-301F-11D3-BF4B-00C04F79EFBC}") = "SignalrDay1", "SignalrDay1\SignalrDay1.csproj", "{71046550-59D0-4DE3-99F8-501A951678EB}"
EndProject
Global
	GlobalSection(SolutionConfigurationPlatforms) = preSolution
		Debug|Any CPU = Debug|Any CPU
		Release|Any CPU = Release|Any CPU
	EndGlobalSection
	GlobalSection(ProjectConfigurationPlatforms) = postSolution
		{71046550-59D0-4DE3-99F8-501A951678EB}.Debug|Any CPU.ActiveCfg = Debug|Any CPU
		{71046550-59D0-4DE3-99F8-501A951678EB}.Debug|Any CPU.Build.0 = Debug|Any CPU
		{71046550-59D0-4DE3-99F8-501A951678EB}.Release|Any CPU.ActiveCfg = Release|Any CPU
		{71046550-59D0-4DE3-99F8-501A951678EB}.Release|Any CPU.Build.0 = Release|Any CPU
	EndGlobalSection
	GlobalSection(SolutionProperties) = preSolution
		HideSolutionNode = FALSE
	EndGlobalSection
	GlobalSection(ExtensibilityGlobals) = postSolution
		SolutionGuid = {E70B01FF-204F-4E42-82D8-BD9B89B04C06}
	EndGlobalSection
EndGlobal
